# @generated - this file is auto-generated by `mise lock` https://mise.jdx.dev/dev-tools/mise-lock.html

[[tools.act]]
version = "0.2.89"
backend = "aqua:nektos/act"

[tools.act."platforms.linux-arm64"]
checksum = "sha256:daa8679ba9615a74d2d0cec321dc593f21948a2a11bb65862b063d8b930f4bcb"
url = "https://github.com/nektos/act/releases/download/v0.2.89/act_Linux_arm64.tar.gz"

[tools.act."platforms.linux-arm64-musl"]
checksum = "sha256:daa8679ba9615a74d2d0cec321dc593f21948a2a11bb65862b063d8b930f4bcb"
url = "https://github.com/nektos/act/releases/download/v0.2.89/act_Linux_arm64.tar.gz"

[tools.act."platforms.linux-x64"]
checksum = "sha256:0191d6f1f3b716b5c55820032605d05fc3c1cdbf581ebeff655019e5dd1524c0"
url = "https://github.com/nektos/act/releases/download/v0.2.89/act_Linux_x86_64.tar.gz"

[tools.act."platforms.linux-x64-musl"]
checksum = "sha256:0191d6f1f3b716b5c55820032605d05fc3c1cdbf581ebeff655019e5dd1524c0"
url = "https://github.com/nektos/act/releases/download/v0.2.89/act_Linux_x86_64.tar.gz"

[tools.act."platforms.macos-arm64"]
checksum = "sha256:48ae218af96725f7635a66de2b87e1e346893b02add0f16b92f560296b2151fc"
url = "https://github.com/nektos/act/releases/download/v0.2.89/act_Darwin_arm64.tar.gz"

[tools.act."platforms.macos-x64"]
checksum = "sha256:41b31488e7c254baec31cce12c7dade3e35973b8a31b9486206ad43f233d814e"
url = "https://github.com/nektos/act/releases/download/v0.2.89/act_Darwin_x86_64.tar.gz"

[tools.act."platforms.windows-x64"]
checksum = "sha256:0f8cf866ad7e32421a219fc551a0a0ea5d12ead464de12ebfeafd334a5973b50"
url = "https://github.com/nektos/act/releases/download/v0.2.89/act_Windows_x86_64.zip"

[[tools.gh]]
version = "2.96.0"
backend = "aqua:cli/cli"

[tools.gh."platforms.linux-arm64"]
checksum = "sha256:06f86ec7103d41993b76cd78072f43595c34aaa56506d971d9860e67140bf909"
url = "https://github.com/cli/cli/releases/download/v2.96.0/gh_2.96.0_linux_arm64.tar.gz"
url_api = "https://api.github.com/repos/cli/cli/releases/assets/464728549"
provenance = "github-attestations"

[tools.gh."platforms.linux-arm64-musl"]
checksum = "sha256:06f86ec7103d41993b76cd78072f43595c34aaa56506d971d9860e67140bf909"
url = "https://github.com/cli/cli/releases/download/v2.96.0/gh_2.96.0_linux_arm64.tar.gz"
url_api = "https://api.github.com/repos/cli/cli/releases/assets/464728549"
provenance = "github-attestations"

[tools.gh."platforms.linux-x64"]
checksum = "sha256:83d5c2ccad5498f58bf6368acb1ab32588cf43ab3a4b1c301bf36328b1c8bd60"
url = "https://github.com/cli/cli/releases/download/v2.96.0/gh_2.96.0_linux_amd64.tar.gz"
url_api = "https://api.github.com/repos/cli/cli/releases/assets/464728543"
provenance = "github-attestations"

[tools.gh."platforms.linux-x64-musl"]
checksum = "sha256:83d5c2ccad5498f58bf6368acb1ab32588cf43ab3a4b1c301bf36328b1c8bd60"
url = "https://github.com/cli/cli/releases/download/v2.96.0/gh_2.96.0_linux_amd64.tar.gz"
url_api = "https://api.github.com/repos/cli/cli/releases/assets/464728543"
provenance = "github-attestations"

[tools.gh."platforms.macos-arm64"]
checksum = "sha256:f23a0c37d963aacc3bed703ccbd59b41c5ca22101fab7f00eb2b7cad23aba463"
url = "https://github.com/cli/cli/releases/download/v2.96.0/gh_2.96.0_macOS_arm64.zip"
url_api = "https://api.github.com/repos/cli/cli/releases/assets/464728562"
provenance = "github-attestations"

[tools.gh."platforms.macos-x64"]
checksum = "sha256:4bd449df9ad639391bc62b8032546f0fe9edcd8526e06682a4f88abd8c5d163c"
url = "https://github.com/cli/cli/releases/download/v2.96.0/gh_2.96.0_macOS_amd64.zip"
url_api = "https://api.github.com/repos/cli/cli/releases/assets/464728560"
provenance = "github-attestations"

[tools.gh."platforms.windows-x64"]
checksum = "sha256:c2d6acc935cd2f00e2144d7e036d5cd82e6b6bd5594e8c75aa75ef2a4ed6aac3"
url = "https://github.com/cli/cli/releases/download/v2.96.0/gh_2.96.0_windows_amd64.zip"
url_api = "https://api.github.com/repos/cli/cli/releases/assets/464728577"
provenance = "github-attestations"

[[tools.jq]]
version = "1.8.2"
backend = "aqua:jqlang/jq"

[tools.jq."platforms.linux-arm64"]
checksum = "sha256:8b85c817833814ddca00a144c33705546355afccf0cf39b188f3cdb48b852309"
url = "https://github.com/jqlang/jq/releases/download/jq-1.8.2/jq-linux-arm64"
url_api = "https://api.github.com/repos/jqlang/jq/releases/assets/453012756"
provenance = "github-attestations"

[tools.jq."platforms.linux-arm64-musl"]
checksum = "sha256:8b85c817833814ddca00a144c33705546355afccf0cf39b188f3cdb48b852309"
url = "https://github.com/jqlang/jq/releases/download/jq-1.8.2/jq-linux-arm64"
url_api = "https://api.github.com/repos/jqlang/jq/releases/assets/453012756"
provenance = "github-attestations"

[tools.jq."platforms.linux-x64"]
checksum = "sha256:b1c22172dd303f3be49e935aa56aa48a8b7a46e0bc838b4997d3bb451495870f"
url = "https://github.com/jqlang/jq/releases/download/jq-1.8.2/jq-linux-amd64"
url_api = "https://api.github.com/repos/jqlang/jq/releases/assets/453012752"
provenance = "github-attestations"

[tools.jq."platforms.linux-x64-musl"]
checksum = "sha256:b1c22172dd303f3be49e935aa56aa48a8b7a46e0bc838b4997d3bb451495870f"
url = "https://github.com/jqlang/jq/releases/download/jq-1.8.2/jq-linux-amd64"
url_api = "https://api.github.com/repos/jqlang/jq/releases/assets/453012752"
provenance = "github-attestations"

[tools.jq."platforms.macos-arm64"]
checksum = "sha256:2d75340ba57a4b4b4c8708a21c2dc8e958a48aaa8bba13b27f77f6e4c0eca07e"
url = "https://github.com/jqlang/jq/releases/download/jq-1.8.2/jq-macos-arm64"
url_api = "https://api.github.com/repos/jqlang/jq/releases/assets/453012783"
provenance = "github-attestations"

[tools.jq."platforms.macos-x64"]
checksum = "sha256:e94b266e3c26690550006abe63152b782280f4e14374accdf04cbde844f00bc0"
url = "https://github.com/jqlang/jq/releases/download/jq-1.8.2/jq-macos-amd64"
url_api = "https://api.github.com/repos/jqlang/jq/releases/assets/453012782"
provenance = "github-attestations"

[tools.jq."platforms.windows-x64"]
checksum = "sha256:a6fc67fedaf9128a3309a1e2ebb8b986aeccf70122ee46d2cb4849e423f0c627"
url = "https://github.com/jqlang/jq/releases/download/jq-1.8.2/jq-windows-amd64.exe"
url_api = "https://api.github.com/repos/jqlang/jq/releases/assets/453012788"
provenance = "github-attestations"

[[tools."pipx:keyring"]]
version = "25.7.0"
backend = "pipx:keyring"

[tools."pipx:keyring".options]
uvx_args = "--with keyrings.google-artifactregistry-auth"

[[tools.python]]
version = "3.14.3"
backend = "core:python"

[tools.python."platforms.linux-arm64"]
checksum = "sha256:77f81867483955dad377da5d88dc3a6a9c3425ef501a1c79a36efa6e9afdd459"
url = "https://github.com/astral-sh/python-build-standalone/releases/download/20260324/cpython-3.14.3+20260324-aarch64-unknown-linux-gnu-freethreaded-install_only_stripped.tar.gz"

[tools.python."platforms.linux-arm64-musl"]
checksum = "sha256:77f81867483955dad377da5d88dc3a6a9c3425ef501a1c79a36efa6e9afdd459"
url = "https://github.com/astral-sh/python-build-standalone/releases/download/20260324/cpython-3.14.3+20260324-aarch64-unknown-linux-gnu-freethreaded-install_only_stripped.tar.gz"

[tools.python."platforms.linux-x64"]
checksum = "sha256:5d2a24823b7a4138010f15005f5deda932acdd86a45c51e6e5145492663a3d39"
url = "https://github.com/astral-sh/python-build-standalone/releases/download/20260324/cpython-3.14.3+20260324-x86_64-unknown-linux-gnu-freethreaded-install_only_stripped.tar.gz"

[tools.python."platforms.linux-x64-musl"]
checksum = "sha256:5d2a24823b7a4138010f15005f5deda932acdd86a45c51e6e5145492663a3d39"
url = "https://github.com/astral-sh/python-build-standalone/releases/download/20260324/cpython-3.14.3+20260324-x86_64-unknown-linux-gnu-freethreaded-install_only_stripped.tar.gz"

[tools.python."platforms.macos-arm64"]
checksum = "sha256:d490d864a2a3f6af75224728521e7c715af9a6f539892f762a82e20eecceed3e"
url = "https://github.com/astral-sh/python-build-standalone/releases/download/20260324/cpython-3.14.3+20260324-aarch64-apple-darwin-freethreaded-install_only_stripped.tar.gz"

[tools.python."platforms.macos-x64"]
checksum = "sha256:bd50469b37f9539a3a3726e3162faa98f9b767afc430a92dbd6721ef47c2bf42"
url = "https://github.com/astral-sh/python-build-standalone/releases/download/20260324/cpython-3.14.3+20260324-x86_64-apple-darwin-freethreaded-install_only_stripped.tar.gz"

[tools.python."platforms.windows-x64"]
checksum = "sha256:002b2b6731b1d0b3c77e893ca6de34df3597ccec683a115dc19f3654db7a63da"
url = "https://github.com/astral-sh/python-build-standalone/releases/download/20260324/cpython-3.14.3+20260324-x86_64-pc-windows-msvc-freethreaded-install_only_stripped.tar.gz"

[[tools.python]]
version = "3.12.13"
backend = "core:python"

[tools.python."platforms.linux-arm64"]
checksum = "sha256:bd5011c956391391620931ea35632dc7aa7391a4558ced126ccf0708d1346915"
url = "https://github.com/astral-sh/python-build-standalone/releases/download/20260408/cpython-3.12.13+20260408-aarch64-unknown-linux-gnu-install_only_stripped.tar.gz"

[tools.python."platforms.linux-arm64-musl"]
checksum = "sha256:bd5011c956391391620931ea35632dc7aa7391a4558ced126ccf0708d1346915"
url = "https://github.com/astral-sh/python-build-standalone/releases/download/20260408/cpython-3.12.13+20260408-aarch64-unknown-linux-gnu-install_only_stripped.tar.gz"

[tools.python."platforms.linux-x64"]
checksum = "sha256:ddd48f521f79395d9b8b094d34a86d7ec86772ab66c96b0de65a3b561ea7cf10"
url = "https://github.com/astral-sh/python-build-standalone/releases/download/20260408/cpython-3.12.13+20260408-x86_64-unknown-linux-gnu-install_only_stripped.tar.gz"

[tools.python."platforms.linux-x64-musl"]
checksum = "sha256:ddd48f521f79395d9b8b094d34a86d7ec86772ab66c96b0de65a3b561ea7cf10"
url = "https://github.com/astral-sh/python-build-standalone/releases/download/20260408/cpython-3.12.13+20260408-x86_64-unknown-linux-gnu-install_only_stripped.tar.gz"

[tools.python."platforms.macos-arm64"]
checksum = "sha256:ac167e74961316ceabdbe4839f19aa6000c592b08e5a1fab4646cb225ede13d5"
url = "https://github.com/astral-sh/python-build-standalone/releases/download/20260408/cpython-3.12.13+20260408-aarch64-apple-darwin-install_only_stripped.tar.gz"

[tools.python."platforms.macos-x64"]
checksum = "sha256:1fee0596ba791fd83c33babf2ae8e00b0a1056b957955f2a34f7178ca8b80525"
url = "https://github.com/astral-sh/python-build-standalone/releases/download/20260408/cpython-3.12.13+20260408-x86_64-apple-darwin-install_only_stripped.tar.gz"

[tools.python."platforms.windows-x64"]
checksum = "sha256:802162fb50165fc138db0c737abda695e1cb819bfb52e4d230d14f8a5af880b2"
url = "https://github.com/astral-sh/python-build-standalone/releases/download/20260408/cpython-3.12.13+20260408-x86_64-pc-windows-msvc-install_only_stripped.tar.gz"

[[tools.trivy]]
version = "0.69.2"
backend = "aqua:aquasecurity/trivy"

[tools.trivy."platforms.linux-arm64"]
checksum = "sha256:c73b97699c317b0d25532b3f188564b4e29d13d5472ce6f8eb078082546a6481"
url = "https://github.com/aquasecurity/trivy/releases/download/v0.69.2/trivy_0.69.2_Linux-ARM64.tar.gz"
provenance = "cosign"

[tools.trivy."platforms.linux-arm64-musl"]
checksum = "sha256:c73b97699c317b0d25532b3f188564b4e29d13d5472ce6f8eb078082546a6481"
url = "https://github.com/aquasecurity/trivy/releases/download/v0.69.2/trivy_0.69.2_Linux-ARM64.tar.gz"
provenance = "cosign"

[tools.trivy."platforms.linux-x64"]
checksum = "sha256:affa59a1e37d86e4b8ab2cd02f0ab2e63d22f1bf9cf6a7aa326c884e25e26ce3"
url = "https://github.com/aquasecurity/trivy/releases/download/v0.69.2/trivy_0.69.2_Linux-64bit.tar.gz"
provenance = "cosign"

[tools.trivy."platforms.linux-x64-musl"]
checksum = "sha256:affa59a1e37d86e4b8ab2cd02f0ab2e63d22f1bf9cf6a7aa326c884e25e26ce3"
url = "https://github.com/aquasecurity/trivy/releases/download/v0.69.2/trivy_0.69.2_Linux-64bit.tar.gz"
provenance = "cosign"

[tools.trivy."platforms.macos-arm64"]
checksum = "sha256:320c0e6af90b5733b9326da0834240e944c6f44091e50019abdf584237ff4d0c"
url = "https://github.com/aquasecurity/trivy/releases/download/v0.69.2/trivy_0.69.2_macOS-ARM64.tar.gz"
provenance = "cosign"

[tools.trivy."platforms.macos-x64"]
checksum = "sha256:41f6eac3ebe3a00448a16f08038b55ce769fe2d5128cb0d64bdf282cdad4831a"
url = "https://github.com/aquasecurity/trivy/releases/download/v0.69.2/trivy_0.69.2_macOS-64bit.tar.gz"
provenance = "cosign"

[tools.trivy."platforms.windows-x64"]
checksum = "sha256:d772fa7c3c1bc52d2914ff78107596fbd20010b5f18bec6f39d63ee3bb31ad45"
url = "https://github.com/aquasecurity/trivy/releases/download/v0.69.2/trivy_0.69.2_windows-64bit.zip"
provenance = "cosign"

[[tools.uv]]
version = "0.11.8"
backend = "aqua:astral-sh/uv"

[tools.uv."platforms.linux-arm64"]
checksum = "sha256:29418befb64f926a2dba3473e8e69acd00b36fb845d85344ef11321a993ad8f5"
url = "https://github.com/astral-sh/uv/releases/download/0.11.8/uv-aarch64-unknown-linux-musl.tar.gz"

[tools.uv."platforms.linux-arm64-musl"]
checksum = "sha256:29418befb64f926a2dba3473e8e69acd00b36fb845d85344ef11321a993ad8f5"
url = "https://github.com/astral-sh/uv/releases/download/0.11.8/uv-aarch64-unknown-linux-musl.tar.gz"

[tools.uv."platforms.linux-x64"]
checksum = "sha256:de82507d12e31cfc86c1c776238f7c248e48e40d996dedc812d64fdd31c6ed12"
url = "https://github.com/astral-sh/uv/releases/download/0.11.8/uv-x86_64-unknown-linux-musl.tar.gz"

[tools.uv."platforms.linux-x64-musl"]
checksum = "sha256:de82507d12e31cfc86c1c776238f7c248e48e40d996dedc812d64fdd31c6ed12"
url = "https://github.com/astral-sh/uv/releases/download/0.11.8/uv-x86_64-unknown-linux-musl.tar.gz"

[tools.uv."platforms.macos-arm64"]
checksum = "sha256:c729adb365114e844dd7f9316313a7ed6443b89bb5681d409eebac78b0bd06c8"
url = "https://github.com/astral-sh/uv/releases/download/0.11.8/uv-aarch64-apple-darwin.tar.gz"

[tools.uv."platforms.macos-x64"]
checksum = "sha256:c59d73bf34b58bc8e33a11629f7a255c11789fd00f03cd3e68ab2d1603645de9"
url = "https://github.com/astral-sh/uv/releases/download/0.11.8/uv-x86_64-apple-darwin.tar.gz"

[tools.uv."platforms.windows-x64"]
checksum = "sha256:c84629a56e0706b69a47ea35862208af827cb6fbfa1d0ca763c52c67594637e8"
url = "https://github.com/astral-sh/uv/releases/download/0.11.8/uv-x86_64-pc-windows-msvc.zip"
