[[tools.act]]
version = "0.2.89"
backend = "aqua:nektos/act"
"platforms.linux-arm64" = { checksum = "sha256:daa8679ba9615a74d2d0cec321dc593f21948a2a11bb65862b063d8b930f4bcb", url = "https://github.com/nektos/act/releases/download/v0.2.89/act_Linux_arm64.tar.gz"}
"platforms.linux-arm64-musl" = { checksum = "sha256:daa8679ba9615a74d2d0cec321dc593f21948a2a11bb65862b063d8b930f4bcb", url = "https://github.com/nektos/act/releases/download/v0.2.89/act_Linux_arm64.tar.gz"}
"platforms.linux-x64" = { checksum = "sha256:0191d6f1f3b716b5c55820032605d05fc3c1cdbf581ebeff655019e5dd1524c0", url = "https://github.com/nektos/act/releases/download/v0.2.89/act_Linux_x86_64.tar.gz"}
"platforms.linux-x64-musl" = { checksum = "sha256:0191d6f1f3b716b5c55820032605d05fc3c1cdbf581ebeff655019e5dd1524c0", url = "https://github.com/nektos/act/releases/download/v0.2.89/act_Linux_x86_64.tar.gz"}
"platforms.macos-arm64" = { checksum = "sha256:48ae218af96725f7635a66de2b87e1e346893b02add0f16b92f560296b2151fc", url = "https://github.com/nektos/act/releases/download/v0.2.89/act_Darwin_arm64.tar.gz"}
"platforms.macos-x64" = { checksum = "sha256:41b31488e7c254baec31cce12c7dade3e35973b8a31b9486206ad43f233d814e", url = "https://github.com/nektos/act/releases/download/v0.2.89/act_Darwin_x86_64.tar.gz"}
"platforms.windows-x64" = { checksum = "sha256:0f8cf866ad7e32421a219fc551a0a0ea5d12ead464de12ebfeafd334a5973b50", url = "https://github.com/nektos/act/releases/download/v0.2.89/act_Windows_x86_64.zip"}

[[tools.gh]]
version = "2.96.0"
backend = "aqua:cli/cli"
"platforms.linux-arm64" = { checksum = "sha256:06f86ec7103d41993b76cd78072f43595c34aaa56506d971d9860e67140bf909", url = "https://github.com/cli/cli/releases/download/v2.96.0/gh_2.96.0_linux_arm64.tar.gz"}
"platforms.linux-arm64-musl" = { checksum = "sha256:06f86ec7103d41993b76cd78072f43595c34aaa56506d971d9860e67140bf909", url = "https://github.com/cli/cli/releases/download/v2.96.0/gh_2.96.0_linux_arm64.tar.gz"}
"platforms.linux-x64" = { checksum = "sha256:83d5c2ccad5498f58bf6368acb1ab32588cf43ab3a4b1c301bf36328b1c8bd60", url = "https://github.com/cli/cli/releases/download/v2.96.0/gh_2.96.0_linux_amd64.tar.gz"}
"platforms.linux-x64-musl" = { checksum = "sha256:83d5c2ccad5498f58bf6368acb1ab32588cf43ab3a4b1c301bf36328b1c8bd60", url = "https://github.com/cli/cli/releases/download/v2.96.0/gh_2.96.0_linux_amd64.tar.gz"}
"platforms.macos-arm64" = { checksum = "sha256:f23a0c37d963aacc3bed703ccbd59b41c5ca22101fab7f00eb2b7cad23aba463", url = "https://github.com/cli/cli/releases/download/v2.96.0/gh_2.96.0_macOS_arm64.zip"}
"platforms.macos-x64" = { checksum = "sha256:4bd449df9ad639391bc62b8032546f0fe9edcd8526e06682a4f88abd8c5d163c", url = "https://github.com/cli/cli/releases/download/v2.96.0/gh_2.96.0_macOS_amd64.zip"}
"platforms.windows-x64" = { checksum = "sha256:c2d6acc935cd2f00e2144d7e036d5cd82e6b6bd5594e8c75aa75ef2a4ed6aac3", url = "https://github.com/cli/cli/releases/download/v2.96.0/gh_2.96.0_windows_amd64.zip"}

[[tools."github:minamijoyo/hcledit"]]
version = "0.2.18"
backend = "github:minamijoyo/hcledit"
"platforms.linux-arm64" = { checksum = "sha256:e3a3773836d911170ef69d0d3ff8a3be02a37aed2eeece82b68e13444811907d", url = "https://github.com/minamijoyo/hcledit/releases/download/v0.2.18/hcledit_0.2.18_linux_arm64.tar.gz", url_api = "https://api.github.com/repos/minamijoyo/hcledit/releases/assets/412772779"}
"platforms.linux-arm64-musl" = { checksum = "sha256:e3a3773836d911170ef69d0d3ff8a3be02a37aed2eeece82b68e13444811907d", url = "https://github.com/minamijoyo/hcledit/releases/download/v0.2.18/hcledit_0.2.18_linux_arm64.tar.gz", url_api = "https://api.github.com/repos/minamijoyo/hcledit/releases/assets/412772779"}
"platforms.linux-x64" = { checksum = "sha256:5974db4486a7e7ecbcbce8b96cb77051419575858d0fc97d73af536b18baabe7", url = "https://github.com/minamijoyo/hcledit/releases/download/v0.2.18/hcledit_0.2.18_linux_amd64.tar.gz", url_api = "https://api.github.com/repos/minamijoyo/hcledit/releases/assets/412772780"}
"platforms.linux-x64-musl" = { checksum = "sha256:5974db4486a7e7ecbcbce8b96cb77051419575858d0fc97d73af536b18baabe7", url = "https://github.com/minamijoyo/hcledit/releases/download/v0.2.18/hcledit_0.2.18_linux_amd64.tar.gz", url_api = "https://api.github.com/repos/minamijoyo/hcledit/releases/assets/412772780"}
"platforms.macos-arm64" = { checksum = "sha256:164ccf392602b332116e7b3344b87ff25237a627144701d02c6d83e7c718049b", url = "https://github.com/minamijoyo/hcledit/releases/download/v0.2.18/hcledit_0.2.18_darwin_arm64.tar.gz", url_api = "https://api.github.com/repos/minamijoyo/hcledit/releases/assets/412772783"}
"platforms.macos-x64" = { checksum = "sha256:52f643e9c441747dfd343164516b3e2959a79241ce42a1ac887ff55451bbe055", url = "https://github.com/minamijoyo/hcledit/releases/download/v0.2.18/hcledit_0.2.18_darwin_amd64.tar.gz", url_api = "https://api.github.com/repos/minamijoyo/hcledit/releases/assets/412772781"}
"platforms.windows-x64" = { checksum = "sha256:256595df80b616bf211eceef878cef1c443a2f87f1205ae9b22f1a7c32f247cc", url = "https://github.com/minamijoyo/hcledit/releases/download/v0.2.18/hcledit_0.2.18_windows_amd64.tar.gz", url_api = "https://api.github.com/repos/minamijoyo/hcledit/releases/assets/412772812"}

[[tools.jq]]
version = "1.8.2"
backend = "aqua:jqlang/jq"
"platforms.linux-arm64" = { checksum = "sha256:8b85c817833814ddca00a144c33705546355afccf0cf39b188f3cdb48b852309", url = "https://github.com/jqlang/jq/releases/download/jq-1.8.2/jq-linux-arm64", url_api = "https://api.github.com/repos/jqlang/jq/releases/assets/453012756"}
"platforms.linux-arm64-musl" = { checksum = "sha256:8b85c817833814ddca00a144c33705546355afccf0cf39b188f3cdb48b852309", url = "https://github.com/jqlang/jq/releases/download/jq-1.8.2/jq-linux-arm64", url_api = "https://api.github.com/repos/jqlang/jq/releases/assets/453012756"}
"platforms.linux-x64" = { checksum = "sha256:b1c22172dd303f3be49e935aa56aa48a8b7a46e0bc838b4997d3bb451495870f", url = "https://github.com/jqlang/jq/releases/download/jq-1.8.2/jq-linux-amd64", url_api = "https://api.github.com/repos/jqlang/jq/releases/assets/453012752"}
"platforms.linux-x64-musl" = { checksum = "sha256:b1c22172dd303f3be49e935aa56aa48a8b7a46e0bc838b4997d3bb451495870f", url = "https://github.com/jqlang/jq/releases/download/jq-1.8.2/jq-linux-amd64", url_api = "https://api.github.com/repos/jqlang/jq/releases/assets/453012752"}
"platforms.macos-arm64" = { checksum = "sha256:2d75340ba57a4b4b4c8708a21c2dc8e958a48aaa8bba13b27f77f6e4c0eca07e", url = "https://github.com/jqlang/jq/releases/download/jq-1.8.2/jq-macos-arm64", url_api = "https://api.github.com/repos/jqlang/jq/releases/assets/453012783"}
"platforms.macos-x64" = { checksum = "sha256:e94b266e3c26690550006abe63152b782280f4e14374accdf04cbde844f00bc0", url = "https://github.com/jqlang/jq/releases/download/jq-1.8.2/jq-macos-amd64", url_api = "https://api.github.com/repos/jqlang/jq/releases/assets/453012782"}
"platforms.windows-x64" = { checksum = "sha256:a6fc67fedaf9128a3309a1e2ebb8b986aeccf70122ee46d2cb4849e423f0c627", url = "https://github.com/jqlang/jq/releases/download/jq-1.8.2/jq-windows-amd64.exe", url_api = "https://api.github.com/repos/jqlang/jq/releases/assets/453012788"}

[[tools."pipx:keyring"]]
version = "25.7.0"
backend = "pipx:keyring"

[tools."pipx:keyring".options]
uvx_args = "--with keyrings.google-artifactregistry-auth"

[[tools.python]]
version = "3.14.3"
backend = "core:python"
"platforms.linux-arm64" = { checksum = "sha256:77f81867483955dad377da5d88dc3a6a9c3425ef501a1c79a36efa6e9afdd459", url = "https://github.com/astral-sh/python-build-standalone/releases/download/20260324/cpython-3.14.3+20260324-aarch64-unknown-linux-gnu-freethreaded-install_only_stripped.tar.gz"}
"platforms.linux-arm64-musl" = { checksum = "sha256:77f81867483955dad377da5d88dc3a6a9c3425ef501a1c79a36efa6e9afdd459", url = "https://github.com/astral-sh/python-build-standalone/releases/download/20260324/cpython-3.14.3+20260324-aarch64-unknown-linux-gnu-freethreaded-install_only_stripped.tar.gz"}
"platforms.linux-x64" = { checksum = "sha256:5d2a24823b7a4138010f15005f5deda932acdd86a45c51e6e5145492663a3d39", url = "https://github.com/astral-sh/python-build-standalone/releases/download/20260324/cpython-3.14.3+20260324-x86_64-unknown-linux-gnu-freethreaded-install_only_stripped.tar.gz"}
"platforms.linux-x64-musl" = { checksum = "sha256:5d2a24823b7a4138010f15005f5deda932acdd86a45c51e6e5145492663a3d39", url = "https://github.com/astral-sh/python-build-standalone/releases/download/20260324/cpython-3.14.3+20260324-x86_64-unknown-linux-gnu-freethreaded-install_only_stripped.tar.gz"}
"platforms.macos-arm64" = { checksum = "sha256:d490d864a2a3f6af75224728521e7c715af9a6f539892f762a82e20eecceed3e", url = "https://github.com/astral-sh/python-build-standalone/releases/download/20260324/cpython-3.14.3+20260324-aarch64-apple-darwin-freethreaded-install_only_stripped.tar.gz"}
"platforms.macos-x64" = { checksum = "sha256:bd50469b37f9539a3a3726e3162faa98f9b767afc430a92dbd6721ef47c2bf42", url = "https://github.com/astral-sh/python-build-standalone/releases/download/20260324/cpython-3.14.3+20260324-x86_64-apple-darwin-freethreaded-install_only_stripped.tar.gz"}
"platforms.windows-x64" = { checksum = "sha256:002b2b6731b1d0b3c77e893ca6de34df3597ccec683a115dc19f3654db7a63da", url = "https://github.com/astral-sh/python-build-standalone/releases/download/20260324/cpython-3.14.3+20260324-x86_64-pc-windows-msvc-freethreaded-install_only_stripped.tar.gz"}

[[tools.python]]
version = "3.12.13"
backend = "core:python"
"platforms.linux-arm64" = { checksum = "sha256:bd5011c956391391620931ea35632dc7aa7391a4558ced126ccf0708d1346915", url = "https://github.com/astral-sh/python-build-standalone/releases/download/20260408/cpython-3.12.13+20260408-aarch64-unknown-linux-gnu-install_only_stripped.tar.gz"}
"platforms.linux-arm64-musl" = { checksum = "sha256:bd5011c956391391620931ea35632dc7aa7391a4558ced126ccf0708d1346915", url = "https://github.com/astral-sh/python-build-standalone/releases/download/20260408/cpython-3.12.13+20260408-aarch64-unknown-linux-gnu-install_only_stripped.tar.gz"}
"platforms.linux-x64" = { checksum = "sha256:ddd48f521f79395d9b8b094d34a86d7ec86772ab66c96b0de65a3b561ea7cf10", url = "https://github.com/astral-sh/python-build-standalone/releases/download/20260408/cpython-3.12.13+20260408-x86_64-unknown-linux-gnu-install_only_stripped.tar.gz"}
"platforms.linux-x64-musl" = { checksum = "sha256:ddd48f521f79395d9b8b094d34a86d7ec86772ab66c96b0de65a3b561ea7cf10", url = "https://github.com/astral-sh/python-build-standalone/releases/download/20260408/cpython-3.12.13+20260408-x86_64-unknown-linux-gnu-install_only_stripped.tar.gz"}
"platforms.macos-arm64" = { checksum = "sha256:ac167e74961316ceabdbe4839f19aa6000c592b08e5a1fab4646cb225ede13d5", url = "https://github.com/astral-sh/python-build-standalone/releases/download/20260408/cpython-3.12.13+20260408-aarch64-apple-darwin-install_only_stripped.tar.gz"}
"platforms.macos-x64" = { checksum = "sha256:1fee0596ba791fd83c33babf2ae8e00b0a1056b957955f2a34f7178ca8b80525", url = "https://github.com/astral-sh/python-build-standalone/releases/download/20260408/cpython-3.12.13+20260408-x86_64-apple-darwin-install_only_stripped.tar.gz"}
"platforms.windows-x64" = { checksum = "sha256:802162fb50165fc138db0c737abda695e1cb819bfb52e4d230d14f8a5af880b2", url = "https://github.com/astral-sh/python-build-standalone/releases/download/20260408/cpython-3.12.13+20260408-x86_64-pc-windows-msvc-install_only_stripped.tar.gz"}

[[tools.trivy]]
version = "0.72.0"
backend = "aqua:aquasecurity/trivy"
"platforms.linux-arm64" = { checksum = "sha256:2ca2c023109c2db6b2b77366b6717291452d4531167377d95c79547f0c8e3467", url = "https://github.com/aquasecurity/trivy/releases/download/v0.72.0/trivy_0.72.0_Linux-ARM64.tar.gz"}
"platforms.linux-arm64-musl" = { checksum = "sha256:2ca2c023109c2db6b2b77366b6717291452d4531167377d95c79547f0c8e3467", url = "https://github.com/aquasecurity/trivy/releases/download/v0.72.0/trivy_0.72.0_Linux-ARM64.tar.gz"}
"platforms.linux-x64" = { checksum = "sha256:bbb64b9695866ce4a7a8f5c9592002c5961cab378577fa3f8a040df362b9b2ea", url = "https://github.com/aquasecurity/trivy/releases/download/v0.72.0/trivy_0.72.0_Linux-64bit.tar.gz"}
"platforms.linux-x64-musl" = { checksum = "sha256:bbb64b9695866ce4a7a8f5c9592002c5961cab378577fa3f8a040df362b9b2ea", url = "https://github.com/aquasecurity/trivy/releases/download/v0.72.0/trivy_0.72.0_Linux-64bit.tar.gz"}
"platforms.macos-arm64" = { checksum = "sha256:88f208680dc05da2b459e19b4f5aa2b4dc7c2117892ba4aab2ae63baba330016", url = "https://github.com/aquasecurity/trivy/releases/download/v0.72.0/trivy_0.72.0_macOS-ARM64.tar.gz"}
"platforms.macos-x64" = { checksum = "sha256:ee5e60df8a98e5b89fd74a6d86f9e5c7e9a266a35002cb1e43291698b3bfee08", url = "https://github.com/aquasecurity/trivy/releases/download/v0.72.0/trivy_0.72.0_macOS-64bit.tar.gz"}
"platforms.windows-x64" = { checksum = "sha256:ed3cf122060f61818fe1f735fd97557954e16e10bc8b058af9852271cf2e91b3", url = "https://github.com/aquasecurity/trivy/releases/download/v0.72.0/trivy_0.72.0_windows-64bit.zip"}

[[tools.uv]]
version = "0.11.26"
backend = "aqua:astral-sh/uv"
"platforms.linux-arm64" = { checksum = "sha256:47418cfdb34b1ca42e503da72631ac8c475602e2411ac6c39aa84c2373fe6324", url = "https://github.com/astral-sh/uv/releases/download/0.11.26/uv-aarch64-unknown-linux-musl.tar.gz"}
"platforms.linux-arm64-musl" = { checksum = "sha256:47418cfdb34b1ca42e503da72631ac8c475602e2411ac6c39aa84c2373fe6324", url = "https://github.com/astral-sh/uv/releases/download/0.11.26/uv-aarch64-unknown-linux-musl.tar.gz"}
"platforms.linux-x64" = { checksum = "sha256:62bf1a53501adf4083224b69b33737450ac516935f5a5e483e9dfaf2665084de", url = "https://github.com/astral-sh/uv/releases/download/0.11.26/uv-x86_64-unknown-linux-musl.tar.gz"}
"platforms.linux-x64-musl" = { checksum = "sha256:62bf1a53501adf4083224b69b33737450ac516935f5a5e483e9dfaf2665084de", url = "https://github.com/astral-sh/uv/releases/download/0.11.26/uv-x86_64-unknown-linux-musl.tar.gz"}
"platforms.macos-arm64" = { checksum = "sha256:8f7fbf1708399b921857bce71e1d60f0d3ccf52a30caebc1c1a2f175dce13ab6", url = "https://github.com/astral-sh/uv/releases/download/0.11.26/uv-aarch64-apple-darwin.tar.gz"}
"platforms.macos-x64" = { checksum = "sha256:922b460202707dd5f4ccacbadbe7f6a546cc46e82a99bf50ca99a7977a78eddd", url = "https://github.com/astral-sh/uv/releases/download/0.11.26/uv-x86_64-apple-darwin.tar.gz"}
"platforms.windows-x64" = { checksum = "sha256:4e1278ede866be6c0bf32d2f466cc6de7a9fb399ecf20c9ce2d186e52424be47", url = "https://github.com/astral-sh/uv/releases/download/0.11.26/uv-x86_64-pc-windows-msvc.zip"}
